
Microsoft Visual Studio Solution File, Format Version 12.00
# Visual Studio Version 16
VisualStudioVersion = 16.0.31005.135
MinimumVisualStudioVersion = 10.0.40219.1
Project("{FAE04EC0-301F-11D3-BF4B-00C04F79EFBC}") = "Final_Assesment", "Final_Assesment\Final_Assesment.csproj", "{44A2783D-AB9C-4F6B-8DC3-D921D39D9B9B}"
EndProject
Global
	GlobalSection(SolutionConfigurationPlatforms) = preSolution
		Debug|Any CPU = Debug|Any CPU
		Release|Any CPU = Release|Any CPU
	EndGlobalSection
	GlobalSection(ProjectConfigurationPlatforms) = postSolution
		{44A2783D-AB9C-4F6B-8DC3-D921D39D9B9B}.Debug|Any CPU.ActiveCfg = Debug|Any CPU
		{44A2783D-AB9C-4F6B-8DC3-D921D39D9B9B}.Debug|Any CPU.Build.0 = Debug|Any CPU
		{44A2783D-AB9C-4F6B-8DC3-D921D39D9B9B}.Release|Any CPU.ActiveCfg = Release|Any CPU
		{44A2783D-AB9C-4F6B-8DC3-D921D39D9B9B}.Release|Any CPU.Build.0 = Release|Any CPU
	EndGlobalSection
	GlobalSection(SolutionProperties) = preSolution
		HideSolutionNode = FALSE
	EndGlobalSection
	GlobalSection(ExtensibilityGlobals) = postSolution
		SolutionGuid = {AA6408DB-6309-4F59-BBA7-1EB61C81B4BC}
	EndGlobalSection
EndGlobal
